
Microsoft Visual Studio Solution File, Format Version 12.00
# Visual Studio Version 16
VisualStudioVersion = 16.0.31613.86
MinimumVisualStudioVersion = 10.0.40219.1
Project("{FAE04EC0-301F-11D3-BF4B-00C04F79EFBC}") = "CommonChat_Frontend", "CommonChat_Frontend\CommonChat_Frontend.csproj", "{A16E3D65-DEA4-410B-A13C-90E2F0430BB6}"
EndProject
Global
	GlobalSection(SolutionConfigurationPlatforms) = preSolution
		Debug|Any CPU = Debug|Any CPU
		Release|Any CPU = Release|Any CPU
	EndGlobalSection
	GlobalSection(ProjectConfigurationPlatforms) = postSolution
		{A16E3D65-DEA4-410B-A13C-90E2F0430BB6}.Debug|Any CPU.ActiveCfg = Debug|Any CPU
		{A16E3D65-DEA4-410B-A13C-90E2F0430BB6}.Debug|Any CPU.Build.0 = Debug|Any CPU
		{A16E3D65-DEA4-410B-A13C-90E2F0430BB6}.Release|Any CPU.ActiveCfg = Release|Any CPU
		{A16E3D65-DEA4-410B-A13C-90E2F0430BB6}.Release|Any CPU.Build.0 = Release|Any CPU
	EndGlobalSection
	GlobalSection(SolutionProperties) = preSolution
		HideSolutionNode = FALSE
	EndGlobalSection
	GlobalSection(ExtensibilityGlobals) = postSolution
		SolutionGuid = {546218A5-FEED-458F-912C-CE2DF9616433}
	EndGlobalSection
EndGlobal
